// !$*UTF8*$!
{
	archiveVersion = 1;
	classes = {
	};
	objectVersion = 55;
	objects = {

/* Begin PBXBuildFile section */
		69ACE2E4281C352B00E0FDFD /* AppDelegate.swift in Sources */ = {isa = PBXBuildFile; fileRef = 69ACE2E3281C352B00E0FDFD /* AppDelegate.swift */; };
		69ACE2E6281C352B00E0FDFD /* SceneDelegate.swift in Sources */ = {isa = PBXBuildFile; fileRef = 69ACE2E5281C352B00E0FDFD /* SceneDelegate.swift */; };
		69ACE2E8281C352B00E0FDFD /* ViewController.swift in Sources */ = {isa = PBXBuildFile; fileRef = 69ACE2E7281C352B00E0FDFD /* ViewController.swift */; };
		69ACE2EB281C352B00E0FDFD /* Main.storyboard in Resources */ = {isa = PBXBuildFile; fileRef = 69ACE2E9281C352B00E0FDFD /* Main.storyboard */; };
		69ACE2ED281C352C00E0FDFD /* Assets.xcassets in Resources */ = {isa = PBXBuildFile; fileRef = 69ACE2EC281C352C00E0FDFD /* Assets.xcassets */; };
		69ACE2F0281C352C00E0FDFD /* LaunchScreen.storyboard in Resources */ = {isa = PBXBuildFile; fileRef = 69ACE2EE281C352C00E0FDFD /* LaunchScreen.storyboard */; };
		69ACE2FB281C352C00E0FDFD /* ProtocolTests.swift in Sources */ = {isa = PBXBuildFile; fileRef = 69ACE2FA281C352C00E0FDFD /* ProtocolTests.swift */; };
		69ACE305281C352C00E0FDFD /* ProtocolUITests.swift in Sources */ = {isa = PBXBuildFile; fileRef = 69ACE304281C352C00E0FDFD /* ProtocolUITests.swift */; };
		69ACE307281C352C00E0FDFD /* ProtocolUITestsLaunchTests.swift in Sources */ = {isa = PBXBuildFile; fileRef = 69ACE306281C352C00E0FDFD /* ProtocolUITestsLaunchTests.swift */; };
		69ACE314281C355000E0FDFD /* firstViewController.swift in Sources */ = {isa = PBXBuildFile; fileRef = 69ACE313281C355000E0FDFD /* firstViewController.swift */; };
		69ACE316281C355A00E0FDFD /* secondViewController.swift in Sources */ = {isa = PBXBuildFile; fileRef = 69ACE315281C355A00E0FDFD /* secondViewController.swift */; };
/* End PBXBuildFile section */

/* Begin PBXContainerItemProxy section */
		69ACE2F7281C352C00E0FDFD /* PBXContainerItemProxy */ = {
			isa = PBXContainerItemProxy;
			containerPortal = 69ACE2D8281C352B00E0FDFD /* Project object */;
			proxyType = 1;
			remoteGlobalIDString = 69ACE2DF281C352B00E0FDFD;
			remoteInfo = Protocol;
		};
		69ACE301281C352C00E0FDFD /* PBXContainerItemProxy */ = {
			isa = PBXContainerItemProxy;
			containerPortal = 69ACE2D8281C352B00E0FDFD /* Project object */;
			proxyType = 1;
			remoteGlobalIDString = 69ACE2DF281C352B00E0FDFD;
			remoteInfo = Protocol;
		};
/* End PBXContainerItemProxy section */

/* Begin PBXFileReference section */
		69ACE2E0281C352B00E0FDFD /* Protocol.app */ = {isa = PBXFileReference; explicitFileType = wrapper.application; includeInIndex = 0; path = Protocol.app; sourceTree = BUILT_PRODUCTS_DIR; };
		69ACE2E3281C352B00E0FDFD /* AppDelegate.swift */ = {isa = PBXFileReference; lastKnownFileType = sourcecode.swift; path = AppDelegate.swift; sourceTree = "<group>"; };
		69ACE2E5281C352B00E0FDFD /* SceneDelegate.swift */ = {isa = PBXFileReference; lastKnownFileType = sourcecode.swift; path = SceneDelegate.swift; sourceTree = "<group>"; };
		69ACE2E7281C352B00E0FDFD /* ViewController.swift */ = {isa = PBXFileReference; lastKnownFileType = sourcecode.swift; path = ViewController.swift; sourceTree = "<group>"; };
		69ACE2EA281C352B00E0FDFD /* Base */ = {isa = PBXFileReference; lastKnownFileType = file.storyboard; name = Base; path = Base.lproj/Main.storyboard; sourceTree = "<group>"; };
		69ACE2EC281C352C00E0FDFD /* Assets.xcassets */ = {isa = PBXFileReference; lastKnownFileType = folder.assetcatalog; path = Assets.xcassets; sourceTree = "<group>"; };
		69ACE2EF281C352C00E0FDFD /* Base */ = {isa = PBXFileReference; lastKnownFileType = file.storyboard; name = Base; path = Base.lproj/LaunchScreen.storyboard; sourceTree = "<group>"; };
		69ACE2F1281C352C00E0FDFD /* Info.plist */ = {isa = PBXFileReference; lastKnownFileType = text.plist.xml; path = Info.plist; sourceTree = "<group>"; };
		69ACE2F6281C352C00E0FDFD /* ProtocolTests.xctest */ = {isa = PBXFileReference; explicitFileType = wrapper.cfbundle; includeInIndex = 0; path = ProtocolTests.xctest; sourceTree = BUILT_PRODUCTS_DIR; };
		69ACE2FA281C352C00E0FDFD /* ProtocolTests.swift */ = {isa = PBXFileReference; lastKnownFileType = sourcecode.swift; path = ProtocolTests.swift; sourceTree = "<group>"; };
		69ACE300281C352C00E0FDFD /* ProtocolUITests.xctest */ = {isa = PBXFileReference; explicitFileType = wrapper.cfbundle; includeInIndex = 0; path = ProtocolUITests.xctest; sourceTree = BUILT_PRODUCTS_DIR; };
		69ACE304281C352C00E0FDFD /* ProtocolUITests.swift */ = {isa = PBXFileReference; lastKnownFileType = sourcecode.swift; path = ProtocolUITests.swift; sourceTree = "<group>"; };
		69ACE306281C352C00E0FDFD /* ProtocolUITestsLaunchTests.swift */ = {isa = PBXFileReference; lastKnownFileType = sourcecode.swift; path = ProtocolUITestsLaunchTests.swift; sourceTree = "<group>"; };
		69ACE313281C355000E0FDFD /* firstViewController.swift */ = {isa = PBXFileReference; lastKnownFileType = sourcecode.swift; path = firstViewController.swift; sourceTree = "<group>"; };
		69ACE315281C355A00E0FDFD /* secondViewController.swift */ = {isa = PBXFileReference; lastKnownFileType = sourcecode.swift; path = secondViewController.swift; sourceTree = "<group>"; };
/* End PBXFileReference section */

/* Begin PBXFrameworksBuildPhase section */
		69ACE2DD281C352B00E0FDFD /* Frameworks */ = {
			isa = PBXFrameworksBuildPhase;
			buildActionMask = 2147483647;
			files = (
			);
			runOnlyForDeploymentPostprocessing = 0;
		};
		69ACE2F3281C352C00E0FDFD /* Frameworks */ = {
			isa = PBXFrameworksBuildPhase;
			buildActionMask = 2147483647;
			files = (
			);
			runOnlyForDeploymentPostprocessing = 0;
		};
		69ACE2FD281C352C00E0FDFD /* Frameworks */ = {
			isa = PBXFrameworksBuildPhase;
			buildActionMask = 2147483647;
			files = (
			);
			runOnlyForDeploymentPostprocessing = 0;
		};
/* End PBXFrameworksBuildPhase section */

/* Begin PBXGroup section */
		69ACE2D7281C352B00E0FDFD = {
			isa = PBXGroup;
			children = (
				69ACE2E2281C352B00E0FDFD /* Protocol */,
				69ACE2F9281C352C00E0FDFD /* ProtocolTests */,
				69ACE303281C352C00E0FDFD /* ProtocolUITests */,
				69ACE2E1281C352B00E0FDFD /* Products */,
			);
			sourceTree = "<group>";
		};
		69ACE2E1281C352B00E0FDFD /* Products */ = {
			isa = PBXGroup;
			children = (
				69ACE2E0281C352B00E0FDFD /* Protocol.app */,
				69ACE2F6281C352C00E0FDFD /* ProtocolTests.xctest */,
				69ACE300281C352C00E0FDFD /* ProtocolUITests.xctest */,
			);
			name = Products;
			sourceTree = "<group>";
		};
		69ACE2E2281C352B00E0FDFD /* Protocol */ = {
			isa = PBXGroup;
			children = (
				69ACE2E3281C352B00E0FDFD /* AppDelegate.swift */,
				69ACE2E5281C352B00E0FDFD /* SceneDelegate.swift */,
				69ACE2E7281C352B00E0FDFD /* ViewController.swift */,
				69ACE2E9281C352B00E0FDFD /* Main.storyboard */,
				69ACE313281C355000E0FDFD /* firstViewController.swift */,
				69ACE315281C355A00E0FDFD /* secondViewController.swift */,
				69ACE2EC281C352C00E0FDFD /* Assets.xcassets */,
				69ACE2EE281C352C00E0FDFD /* LaunchScreen.storyboard */,
				69ACE2F1281C352C00E0FDFD /* Info.plist */,
			);
			path = Protocol;
			sourceTree = "<group>";
		};
		69ACE2F9281C352C00E0FDFD /* ProtocolTests */ = {
			isa = PBXGroup;
			children = (
				69ACE2FA281C352C00E0FDFD /* ProtocolTests.swift */,
			);
			path = ProtocolTests;
			sourceTree = "<group>";
		};
		69ACE303281C352C00E0FDFD /* ProtocolUITests */ = {
			isa = PBXGroup;
			children = (
				69ACE304281C352C00E0FDFD /* ProtocolUITests.swift */,
				69ACE306281C352C00E0FDFD /* ProtocolUITestsLaunchTests.swift */,
			);
			path = ProtocolUITests;
			sourceTree = "<group>";
		};
/* End PBXGroup section */

/* Begin PBXNativeTarget section */
		69ACE2DF281C352B00E0FDFD /* Protocol */ = {
			isa = PBXNativeTarget;
			buildConfigurationList = 69ACE30A281C352C00E0FDFD /* Build configuration list for PBXNativeTarget "Protocol" */;
			buildPhases = (
				69ACE2DC281C352B00E0FDFD /* Sources */,
				69ACE2DD281C352B00E0FDFD /* Frameworks */,
				69ACE2DE281C352B00E0FDFD /* Resources */,
			);
			buildRules = (
			);
			dependencies = (
			);
			name = Protocol;
			productName = Protocol;
			productReference = 69ACE2E0281C352B00E0FDFD /* Protocol.app */;
			productType = "com.apple.product-type.application";
		};
		69ACE2F5281C352C00E0FDFD /* ProtocolTests */ = {
			isa = PBXNativeTarget;
			buildConfigurationList = 69ACE30D281C352C00E0FDFD /* Build configuration list for PBXNativeTarget "ProtocolTests" */;
			buildPhases = (
				69ACE2F2281C352C00E0FDFD /* Sources */,
				69ACE2F3281C352C00E0FDFD /* Frameworks */,
				69ACE2F4281C352C00E0FDFD /* Resources */,
			);
			buildRules = (
			);
			dependencies = (
				69ACE2F8281C352C00E0FDFD /* PBXTargetDependency */,
			);
			name = ProtocolTests;
			productName = ProtocolTests;
			productReference = 69ACE2F6281C352C00E0FDFD /* ProtocolTests.xctest */;
			productType = "com.apple.product-type.bundle.unit-test";
		};
		69ACE2FF281C352C00E0FDFD /* ProtocolUITests */ = {
			isa = PBXNativeTarget;
			buildConfigurationList = 69ACE310281C352C00E0FDFD /* Build configuration list for PBXNativeTarget "ProtocolUITests" */;
			buildPhases = (
				69ACE2FC281C352C00E0FDFD /* Sources */,
				69ACE2FD281C352C00E0FDFD /* Frameworks */,
				69ACE2FE281C352C00E0FDFD /* Resources */,
			);
			buildRules = (
			);
			dependencies = (
				69ACE302281C352C00E0FDFD /* PBXTargetDependency */,
			);
			name = ProtocolUITests;
			productName = ProtocolUITests;
			productReference = 69ACE300281C352C00E0FDFD /* ProtocolUITests.xctest */;
			productType = "com.apple.product-type.bundle.ui-testing";
		};
/* End PBXNativeTarget section */

/* Begin PBXProject section */
		69ACE2D8281C352B00E0FDFD /* Project object */ = {
			isa = PBXProject;
			attributes = {
				BuildIndependentTargetsInParallel = 1;
				LastSwiftUpdateCheck = 1320;
				LastUpgradeCheck = 1320;
				TargetAttributes = {
					69ACE2DF281C352B00E0FDFD = {
						CreatedOnToolsVersion = 13.2.1;
					};
					69ACE2F5281C352C00E0FDFD = {
						CreatedOnToolsVersion = 13.2.1;
						TestTargetID = 69ACE2DF281C352B00E0FDFD;
					};
					69ACE2FF281C352C00E0FDFD = {
						CreatedOnToolsVersion = 13.2.1;
						TestTargetID = 69ACE2DF281C352B00E0FDFD;
					};
				};
			};
			buildConfigurationList = 69ACE2DB281C352B00E0FDFD /* Build configuration list for PBXProject "Protocol" */;
			compatibilityVersion = "Xcode 13.0";
			developmentRegion = en;
			hasScannedForEncodings = 0;
			knownRegions = (
				en,
				Base,
			);
			mainGroup = 69ACE2D7281C352B00E0FDFD;
			productRefGroup = 69ACE2E1281C352B00E0FDFD /* Products */;
			projectDirPath = "";
			projectRoot = "";
			targets = (
				69ACE2DF281C352B00E0FDFD /* Protocol */,
				69ACE2F5281C352C00E0FDFD /* ProtocolTests */,
				69ACE2FF281C352C00E0FDFD /* ProtocolUITests */,
			);
		};
/* End PBXProject section */

/* Begin PBXResourcesBuildPhase section */
		69ACE2DE281C352B00E0FDFD /* Resources */ = {
			isa = PBXResourcesBuildPhase;
			buildActionMask = 2147483647;
			files = (
				69ACE2F0281C352C00E0FDFD /* LaunchScreen.storyboard in Resources */,
				69ACE2ED281C352C00E0FDFD /* Assets.xcassets in Resources */,
				69ACE2EB281C352B00E0FDFD /* Main.storyboard in Resources */,
			);
			runOnlyForDeploymentPostprocessing = 0;
		};
		69ACE2F4281C352C00E0FDFD /* Resources */ = {
			isa = PBXResourcesBuildPhase;
			buildActionMask = 2147483647;
			files = (
			);
			runOnlyForDeploymentPostprocessing = 0;
		};
		69ACE2FE281C352C00E0FDFD /* Resources */ = {
			isa = PBXResourcesBuildPhase;
			buildActionMask = 2147483647;
			files = (
			);
			runOnlyForDeploymentPostprocessing = 0;
		};
/* End PBXResourcesBuildPhase section */

/* Begin PBXSourcesBuildPhase section */
		69ACE2DC281C352B00E0FDFD /* Sources */ = {
			isa = PBXSourcesBuildPhase;
			buildActionMask = 2147483647;
			files = (
				69ACE2E8281C352B00E0FDFD /* ViewController.swift in Sources */,
				69ACE2E4281C352B00E0FDFD /* AppDelegate.swift in Sources */,
				69ACE2E6281C352B00E0FDFD /* SceneDelegate.swift in Sources */,
				69ACE316281C355A00E0FDFD /* secondViewController.swift in Sources */,
				69ACE314281C355000E0FDFD /* firstViewController.swift in Sources */,
			);
			runOnlyForDeploymentPostprocessing = 0;
		};
		69ACE2F2281C352C00E0FDFD /* Sources */ = {
			isa = PBXSourcesBuildPhase;
			buildActionMask = 2147483647;
			files = (
				69ACE2FB281C352C00E0FDFD /* ProtocolTests.swift in Sources */,
			);
			runOnlyForDeploymentPostprocessing = 0;
		};
		69ACE2FC281C352C00E0FDFD /* Sources */ = {
			isa = PBXSourcesBuildPhase;
			buildActionMask = 2147483647;
			files = (
				69ACE307281C352C00E0FDFD /* ProtocolUITestsLaunchTests.swift in Sources */,
				69ACE305281C352C00E0FDFD /* ProtocolUITests.swift in Sources */,
			);
			runOnlyForDeploymentPostprocessing = 0;
		};
/* End PBXSourcesBuildPhase section */

/* Begin PBXTargetDependency section */
		69ACE2F8281C352C00E0FDFD /* PBXTargetDependency */ = {
			isa = PBXTargetDependency;
			target = 69ACE2DF281C352B00E0FDFD /* Protocol */;
			targetProxy = 69ACE2F7281C352C00E0FDFD /* PBXContainerItemProxy */;
		};
		69ACE302281C352C00E0FDFD /* PBXTargetDependency */ = {
			isa = PBXTargetDependency;
			target = 69ACE2DF281C352B00E0FDFD /* Protocol */;
			targetProxy = 69ACE301281C352C00E0FDFD /* PBXContainerItemProxy */;
		};
/* End PBXTargetDependency section */

/* Begin PBXVariantGroup section */
		69ACE2E9281C352B00E0FDFD /* Main.storyboard */ = {
			isa = PBXVariantGroup;
			children = (
				69ACE2EA281C352B00E0FDFD /* Base */,
			);
			name = Main.storyboard;
			sourceTree = "<group>";
		};
		69ACE2EE281C352C00E0FDFD /* LaunchScreen.storyboard */ = {
			isa = PBXVariantGroup;
			children = (
				69ACE2EF281C352C00E0FDFD /* Base */,
			);
			name = LaunchScreen.storyboard;
			sourceTree = "<group>";
		};
/* End PBXVariantGroup section */

/* Begin XCBuildConfiguration section */
		69ACE308281C352C00E0FDFD /* Debug */ = {
			isa = XCBuildConfiguration;
			buildSettings = {
				ALWAYS_SEARCH_USER_PATHS = NO;
				CLANG_ANALYZER_NONNULL = YES;
				CLANG_ANALYZER_NUMBER_OBJECT_CONVERSION = YES_AGGRESSIVE;
				CLANG_CXX_LANGUAGE_STANDARD = "gnu++17";
				CLANG_CXX_LIBRARY = "libc++";
				CLANG_ENABLE_MODULES = YES;
				CLANG_ENABLE_OBJC_ARC = YES;
				CLANG_ENABLE_OBJC_WEAK = YES;
				CLANG_WARN_BLOCK_CAPTURE_AUTORELEASING = YES;
				CLANG_WARN_BOOL_CONVERSION = YES;
				CLANG_WARN_COMMA = YES;
				CLANG_WARN_CONSTANT_CONVERSION = YES;
				CLANG_WARN_DEPRECATED_OBJC_IMPLEMENTATIONS = YES;
				CLANG_WARN_DIRECT_OBJC_ISA_USAGE = YES_ERROR;
				CLANG_WARN_DOCUMENTATION_COMMENTS = YES;
				CLANG_WARN_EMPTY_BODY = YES;
				CLANG_WARN_ENUM_CONVERSION = YES;
				CLANG_WARN_INFINITE_RECURSION = YES;
				CLANG_WARN_INT_CONVERSION = YES;
				CLANG_WARN_NON_LITERAL_NULL_CONVERSION = YES;
				CLANG_WARN_OBJC_IMPLICIT_RETAIN_SELF = YES;
				CLANG_WARN_OBJC_LITERAL_CONVERSION = YES;
				CLANG_WARN_OBJC_ROOT_CLASS = YES_ERROR;
				CLANG_WARN_QUOTED_INCLUDE_IN_FRAMEWORK_HEADER = YES;
				CLANG_WARN_RANGE_LOOP_ANALYSIS = YES;
				CLANG_WARN_STRICT_PROTOTYPES = YES;
				CLANG_WARN_SUSPICIOUS_MOVE = YES;
				CLANG_WARN_UNGUARDED_AVAILABILITY = YES_AGGRESSIVE;
				CLANG_WARN_UNREACHABLE_CODE = YES;
				CLANG_WARN__DUPLICATE_METHOD_MATCH = YES;
				COPY_PHASE_STRIP = NO;
				DEBUG_INFORMATION_FORMAT = dwarf;
				ENABLE_STRICT_OBJC_MSGSEND = YES;
				ENABLE_TESTABILITY = YES;
				GCC_C_LANGUAGE_STANDARD = gnu11;
				GCC_DYNAMIC_NO_PIC = NO;
				GCC_NO_COMMON_BLOCKS = YES;
				GCC_OPTIMIZATION_LEVEL = 0;
				GCC_PREPROCESSOR_DEFINITIONS = (
					"DEBUG=1",
					"$(inherited)",
				);
				GCC_WARN_64_TO_32_BIT_CONVERSION = YES;
				GCC_WARN_ABOUT_RETURN_TYPE = YES_ERROR;
				GCC_WARN_UNDECLARED_SELECTOR = YES;
				GCC_WARN_UNINITIALIZED_AUTOS = YES_AGGRESSIVE;
				GCC_WARN_UNUSED_FUNCTION = YES;
				GCC_WARN_UNUSED_VARIABLE = YES;
				IPHONEOS_DEPLOYMENT_TARGET = 15.2;
				MTL_ENABLE_DEBUG_INFO = INCLUDE_SOURCE;
				MTL_FAST_MATH = YES;
				ONLY_ACTIVE_ARCH = YES;
				SDKROOT = iphoneos;
				SWIFT_ACTIVE_COMPILATION_CONDITIONS = DEBUG;
				SWIFT_OPTIMIZATION_LEVEL = "-Onone";
			};
			name = Debug;
		};
		69ACE309281C352C00E0FDFD /* Release */ = {
			isa = XCBuildConfiguration;
			buildSettings = {
				ALWAYS_SEARCH_USER_PATHS = NO;
				CLANG_ANALYZER_NONNULL = YES;
				CLANG_ANALYZER_NUMBER_OBJECT_CONVERSION = YES_AGGRESSIVE;
				CLANG_CXX_LANGUAGE_STANDARD = "gnu++17";
				CLANG_CXX_LIBRARY = "libc++";
				CLANG_ENABLE_MODULES = YES;
				CLANG_ENABLE_OBJC_ARC = YES;
				CLANG_ENABLE_OBJC_WEAK = YES;
				CLANG_WARN_BLOCK_CAPTURE_AUTORELEASING = YES;
				CLANG_WARN_BOOL_CONVERSION = YES;
				CLANG_WARN_COMMA = YES;
				CLANG_WARN_CONSTANT_CONVERSION = YES;
				CLANG_WARN_DEPRECATED_OBJC_IMPLEMENTATIONS = YES;
				CLANG_WARN_DIRECT_OBJC_ISA_USAGE = YES_ERROR;
				CLANG_WARN_DOCUMENTATION_COMMENTS = YES;
				CLANG_WARN_EMPTY_BODY = YES;
				CLANG_WARN_ENUM_CONVERSION = YES;
				CLANG_WARN_INFINITE_RECURSION = YES;
				CLANG_WARN_INT_CONVERSION = YES;
				CLANG_WARN_NON_LITERAL_NULL_CONVERSION = YES;
				CLANG_WARN_OBJC_IMPLICIT_RETAIN_SELF = YES;
				CLANG_WARN_OBJC_LITERAL_CONVERSION = YES;
				CLANG_WARN_OBJC_ROOT_CLASS = YES_ERROR;
				CLANG_WARN_QUOTED_INCLUDE_IN_FRAMEWORK_HEADER = YES;
				CLANG_WARN_RANGE_LOOP_ANALYSIS = YES;
				CLANG_WARN_STRICT_PROTOTYPES = YES;
				CLANG_WARN_SUSPICIOUS_MOVE = YES;
				CLANG_WARN_UNGUARDED_AVAILABILITY = YES_AGGRESSIVE;
				CLANG_WARN_UNREACHABLE_CODE = YES;
				CLANG_WARN__DUPLICATE_METHOD_MATCH = YES;
				COPY_PHASE_STRIP = NO;
				DEBUG_INFORMATION_FORMAT = "dwarf-with-dsym";
				ENABLE_NS_ASSERTIONS = NO;
				ENABLE_STRICT_OBJC_MSGSEND = YES;
				GCC_C_LANGUAGE_STANDARD = gnu11;
				GCC_NO_COMMON_BLOCKS = YES;
				GCC_WARN_64_TO_32_BIT_CONVERSION = YES;
				GCC_WARN_ABOUT_RETURN_TYPE = YES_ERROR;
				GCC_WARN_UNDECLARED_SELECTOR = YES;
				GCC_WARN_UNINITIALIZED_AUTOS = YES_AGGRESSIVE;
				GCC_WARN_UNUSED_FUNCTION = YES;
				GCC_WARN_UNUSED_VARIABLE = YES;
				IPHONEOS_DEPLOYMENT_TARGET = 15.2;
				MTL_ENABLE_DEBUG_INFO = NO;
				MTL_FAST_MATH = YES;
				SDKROOT = iphoneos;
				SWIFT_COMPILATION_MODE = wholemodule;
				SWIFT_OPTIMIZATION_LEVEL = "-O";
				VALIDATE_PRODUCT = YES;
			};
			name = Release;
		};
		69ACE30B281C352C00E0FDFD /* Debug */ = {
			isa = XCBuildConfiguration;
			buildSettings = {
				ASSETCATALOG_COMPILER_APPICON_NAME = AppIcon;
				ASSETCATALOG_COMPILER_GLOBAL_ACCENT_COLOR_NAME = AccentColor;
				CODE_SIGN_STYLE = Automatic;
				CURRENT_PROJECT_VERSION = 1;
				DEVELOPMENT_TEAM = 27C8R7YXW7;
				GENERATE_INFOPLIST_FILE = YES;
				INFOPLIST_FILE = Protocol/Info.plist;
				INFOPLIST_KEY_UIApplicationSupportsIndirectInputEvents = YES;
				INFOPLIST_KEY_UILaunchStoryboardName = LaunchScreen;
				INFOPLIST_KEY_UIMainStoryboardFile = Main;
				INFOPLIST_KEY_UISupportedInterfaceOrientations_iPad = "UIInterfaceOrientationPortrait UIInterfaceOrientationPortraitUpsideDown UIInterfaceOrientationLandscapeLeft UIInterfaceOrientationLandscapeRight";
				INFOPLIST_KEY_UISupportedInterfaceOrientations_iPhone = "UIInterfaceOrientationPortrait UIInterfaceOrientationLandscapeLeft UIInterfaceOrientationLandscapeRight";
				LD_RUNPATH_SEARCH_PATHS = (
					"$(inherited)",
					"@executable_path/Frameworks",
				);
				MARKETING_VERSION = 1.0;
				PRODUCT_BUNDLE_IDENTIFIER = Codepath.Protocol;
				PRODUCT_NAME = "$(TARGET_NAME)";
				SWIFT_EMIT_LOC_STRINGS = YES;
				SWIFT_VERSION = 5.0;
				TARGETED_DEVICE_FAMILY = "1,2";
			};
			name = Debug;
		};
		69ACE30C281C352C00E0FDFD /* Release */ = {
			isa = XCBuildConfiguration;
			buildSettings = {
				ASSETCATALOG_COMPILER_APPICON_NAME = AppIcon;
				ASSETCATALOG_COMPILER_GLOBAL_ACCENT_COLOR_NAME = AccentColor;
				CODE_SIGN_STYLE = Automatic;
				CURRENT_PROJECT_VERSION = 1;
				DEVELOPMENT_TEAM = 27C8R7YXW7;
				GENERATE_INFOPLIST_FILE = YES;
				INFOPLIST_FILE = Protocol/Info.plist;
				INFOPLIST_KEY_UIApplicationSupportsIndirectInputEvents = YES;
				INFOPLIST_KEY_UILaunchStoryboardName = LaunchScreen;
				INFOPLIST_KEY_UIMainStoryboardFile = Main;
				INFOPLIST_KEY_UISupportedInterfaceOrientations_iPad = "UIInterfaceOrientationPortrait UIInterfaceOrientationPortraitUpsideDown UIInterfaceOrientationLandscapeLeft UIInterfaceOrientationLandscapeRight";
				INFOPLIST_KEY_UISupportedInterfaceOrientations_iPhone = "UIInterfaceOrientationPortrait UIInterfaceOrientationLandscapeLeft UIInterfaceOrientationLandscapeRight";
				LD_RUNPATH_SEARCH_PATHS = (
					"$(inherited)",
					"@executable_path/Frameworks",
				);
				MARKETING_VERSION = 1.0;
				PRODUCT_BUNDLE_IDENTIFIER = Codepath.Protocol;
				PRODUCT_NAME = "$(TARGET_NAME)";
				SWIFT_EMIT_LOC_STRINGS = YES;
				SWIFT_VERSION = 5.0;
				TARGETED_DEVICE_FAMILY = "1,2";
			};
			name = Release;
		};
		69ACE30E281C352C00E0FDFD /* Debug */ = {
			isa = XCBuildConfiguration;
			buildSettings = {
				ALWAYS_EMBED_SWIFT_STANDARD_LIBRARIES = YES;
				BUNDLE_LOADER = "$(TEST_HOST)";
				CODE_SIGN_STYLE = Automatic;
				CURRENT_PROJECT_VERSION = 1;
				DEVELOPMENT_TEAM = 27C8R7YXW7;
				GENERATE_INFOPLIST_FILE = YES;
				IPHONEOS_DEPLOYMENT_TARGET = 15.2;
				MARKETING_VERSION = 1.0;
				PRODUCT_BUNDLE_IDENTIFIER = Codepath.ProtocolTests;
				PRODUCT_NAME = "$(TARGET_NAME)";
				SWIFT_EMIT_LOC_STRINGS = NO;
				SWIFT_VERSION = 5.0;
				TARGETED_DEVICE_FAMILY = "1,2";
				TEST_HOST = "$(BUILT_PRODUCTS_DIR)/Protocol.app/Protocol";
			};
			name = Debug;
		};
		69ACE30F281C352C00E0FDFD /* Release */ = {
			isa = XCBuildConfiguration;
			buildSettings = {
				ALWAYS_EMBED_SWIFT_STANDARD_LIBRARIES = YES;
				BUNDLE_LOADER = "$(TEST_HOST)";
				CODE_SIGN_STYLE = Automatic;
				CURRENT_PROJECT_VERSION = 1;
				DEVELOPMENT_TEAM = 27C8R7YXW7;
				GENERATE_INFOPLIST_FILE = YES;
				IPHONEOS_DEPLOYMENT_TARGET = 15.2;
				MARKETING_VERSION = 1.0;
				PRODUCT_BUNDLE_IDENTIFIER = Codepath.ProtocolTests;
				PRODUCT_NAME = "$(TARGET_NAME)";
				SWIFT_EMIT_LOC_STRINGS = NO;
				SWIFT_VERSION = 5.0;
				TARGETED_DEVICE_FAMILY = "1,2";
				TEST_HOST = "$(BUILT_PRODUCTS_DIR)/Protocol.app/Protocol";
			};
			name = Release;
		};
		69ACE311281C352C00E0FDFD /* Debug */ = {
			isa = XCBuildConfiguration;
			buildSettings = {
				ALWAYS_EMBED_SWIFT_STANDARD_LIBRARIES = YES;
				CODE_SIGN_STYLE = Automatic;
				CURRENT_PROJECT_VERSION = 1;
				DEVELOPMENT_TEAM = 27C8R7YXW7;
				GENERATE_INFOPLIST_FILE = YES;
				MARKETING_VERSION = 1.0;
				PRODUCT_BUNDLE_IDENTIFIER = Codepath.ProtocolUITests;
				PRODUCT_NAME = "$(TARGET_NAME)";
				SWIFT_EMIT_LOC_STRINGS = NO;
				SWIFT_VERSION = 5.0;
				TARGETED_DEVICE_FAMILY = "1,2";
				TEST_TARGET_NAME = Protocol;
			};
			name = Debug;
		};
		69ACE312281C352C00E0FDFD /* Release */ = {
			isa = XCBuildConfiguration;
			buildSettings = {
				ALWAYS_EMBED_SWIFT_STANDARD_LIBRARIES = YES;
				CODE_SIGN_STYLE = Automatic;
				CURRENT_PROJECT_VERSION = 1;
				DEVELOPMENT_TEAM = 27C8R7YXW7;
				GENERATE_INFOPLIST_FILE = YES;
				MARKETING_VERSION = 1.0;
				PRODUCT_BUNDLE_IDENTIFIER = Codepath.ProtocolUITests;
				PRODUCT_NAME = "$(TARGET_NAME)";
				SWIFT_EMIT_LOC_STRINGS = NO;
				SWIFT_VERSION = 5.0;
				TARGETED_DEVICE_FAMILY = "1,2";
				TEST_TARGET_NAME = Protocol;
			};
			name = Release;
		};
/* End XCBuildConfiguration section */

/* Begin XCConfigurationList section */
		69ACE2DB281C352B00E0FDFD /* Build configuration list for PBXProject "Protocol" */ = {
			isa = XCConfigurationList;
			buildConfigurations = (
				69ACE308281C352C00E0FDFD /* Debug */,
				69ACE309281C352C00E0FDFD /* Release */,
			);
			defaultConfigurationIsVisible = 0;
			defaultConfigurationName = Release;
		};
		69ACE30A281C352C00E0FDFD /* Build configuration list for PBXNativeTarget "Protocol" */ = {
			isa = XCConfigurationList;
			buildConfigurations = (
				69ACE30B281C352C00E0FDFD /* Debug */,
				69ACE30C281C352C00E0FDFD /* Release */,
			);
			defaultConfigurationIsVisible = 0;
			defaultConfigurationName = Release;
		};
		69ACE30D281C352C00E0FDFD /* Build configuration list for PBXNativeTarget "ProtocolTests" */ = {
			isa = XCConfigurationList;
			buildConfigurations = (
				69ACE30E281C352C00E0FDFD /* Debug */,
				69ACE30F281C352C00E0FDFD /* Release */,
			);
			defaultConfigurationIsVisible = 0;
			defaultConfigurationName = Release;
		};
		69ACE310281C352C00E0FDFD /* Build configuration list for PBXNativeTarget "ProtocolUITests" */ = {
			isa = XCConfigurationList;
			buildConfigurations = (
				69ACE311281C352C00E0FDFD /* Debug */,
				69ACE312281C352C00E0FDFD /* Release */,
			);
			defaultConfigurationIsVisible = 0;
			defaultConfigurationName = Release;
		};
/* End XCConfigurationList section */
	};
	rootObject = 69ACE2D8281C352B00E0FDFD /* Project object */;
}
